// !$*UTF8*$!
{
	archiveVersion = 1;
	classes = {
	};
	objectVersion = 50;
	objects = {

/* Begin PBXBuildFile section */
		1F00257521632FB4006F4AB4 /* LC108.c in Sources */ = {isa = PBXBuildFile; fileRef = 1F00257421632FB4006F4AB4 /* LC108.c */; };
		1F0025782163338F006F4AB4 /* LC107.c in Sources */ = {isa = PBXBuildFile; fileRef = 1F0025772163338F006F4AB4 /* LC107.c */; };
		1F00257A21634EF3006F4AB4 /* LC107.swift in Sources */ = {isa = PBXBuildFile; fileRef = 1F00257921634EF3006F4AB4 /* LC107.swift */; };
		1F00257C21634F15006F4AB4 /* swiftDefines.swift in Sources */ = {isa = PBXBuildFile; fileRef = 1F00257B21634F15006F4AB4 /* swiftDefines.swift */; };
		1F00257F21646828006F4AB4 /* LC112.c in Sources */ = {isa = PBXBuildFile; fileRef = 1F00257E21646828006F4AB4 /* LC112.c */; };
		1F00258221648D18006F4AB4 /* LC119.c in Sources */ = {isa = PBXBuildFile; fileRef = 1F00258121648D18006F4AB4 /* LC119.c */; };
		1F0B5EE8215F2AF900CF63E3 /* LC110.c in Sources */ = {isa = PBXBuildFile; fileRef = 1F0B5EE7215F2AF900CF63E3 /* LC110.c */; };
		1F274EA5215BA4520076AAD1 /* Quiz31.c in Sources */ = {isa = PBXBuildFile; fileRef = 1F274EA4215BA4520076AAD1 /* Quiz31.c */; };
		1F2F02BD2132643900B32E46 /* day2.c in Sources */ = {isa = PBXBuildFile; fileRef = 1F2F02BC2132643900B32E46 /* day2.c */; };
		1F2F02C521327B8F00B32E46 /* Day3.m in Sources */ = {isa = PBXBuildFile; fileRef = 1F2F02C421327B8F00B32E46 /* Day3.m */; };
		1F2F02C8213BBCFB00B32E46 /* Quiz4.m in Sources */ = {isa = PBXBuildFile; fileRef = 1F2F02C7213BBCFB00B32E46 /* Quiz4.m */; };
		1F2F02CB213BBDB000B32E46 /* OCRun.m in Sources */ = {isa = PBXBuildFile; fileRef = 1F2F02CA213BBDB000B32E46 /* OCRun.m */; };
		1F2F02CD2143B5CF00B32E46 /* Quiz5.c in Sources */ = {isa = PBXBuildFile; fileRef = 1F2F02CC2143B5CF00B32E46 /* Quiz5.c */; };
		1F2F02CF2143B65C00B32E46 /* Quiz6.c in Sources */ = {isa = PBXBuildFile; fileRef = 1F2F02CE2143B65C00B32E46 /* Quiz6.c */; };
		1F2F02D12143CB1B00B32E46 /* Quiz7.c in Sources */ = {isa = PBXBuildFile; fileRef = 1F2F02D02143CB1B00B32E46 /* Quiz7.c */; };
		1F2F02D32143CF9000B32E46 /* LC88.c in Sources */ = {isa = PBXBuildFile; fileRef = 1F2F02D22143CF9000B32E46 /* LC88.c */; };
		1F2F02DC2143E85D00B32E46 /* Quiz9.c in Sources */ = {isa = PBXBuildFile; fileRef = 1F2F02DB2143E85D00B32E46 /* Quiz9.c */; };
		1F2F02DE2144B9CB00B32E46 /* swiftHelper.swift in Sources */ = {isa = PBXBuildFile; fileRef = 1F2F02DD2144B9CB00B32E46 /* swiftHelper.swift */; };
		1F2F02E12145258800B32E46 /* Quiz10.c in Sources */ = {isa = PBXBuildFile; fileRef = 1F2F02E02145258800B32E46 /* Quiz10.c */; };
		1F2F02E4214528EC00B32E46 /* Quiz11.c in Sources */ = {isa = PBXBuildFile; fileRef = 1F2F02E3214528EC00B32E46 /* Quiz11.c */; };
		1F2F02E721452B5200B32E46 /* Quiz13.c in Sources */ = {isa = PBXBuildFile; fileRef = 1F2F02E621452B5200B32E46 /* Quiz13.c */; };
		1F2F02EA2145304D00B32E46 /* Quiz14.c in Sources */ = {isa = PBXBuildFile; fileRef = 1F2F02E92145304D00B32E46 /* Quiz14.c */; };
		1F2F02ED2145372500B32E46 /* Quiz15.c in Sources */ = {isa = PBXBuildFile; fileRef = 1F2F02EC2145372500B32E46 /* Quiz15.c */; };
		1F6E5AF2214692D000B72F64 /* Quiz16.c in Sources */ = {isa = PBXBuildFile; fileRef = 1F6E5AF1214692D000B72F64 /* Quiz16.c */; };
		1F6E5AF92147DC4E00B72F64 /* Quiz17.c in Sources */ = {isa = PBXBuildFile; fileRef = 1F6E5AF82147DC4E00B72F64 /* Quiz17.c */; };
		1F6E5AFC2147EC4600B72F64 /* Quiz18.c in Sources */ = {isa = PBXBuildFile; fileRef = 1F6E5AFB2147EC4600B72F64 /* Quiz18.c */; };
		1F6E5B022149128800B72F64 /* Quiz19.c in Sources */ = {isa = PBXBuildFile; fileRef = 1F6E5B012149128800B72F64 /* Quiz19.c */; };
		1F781C4C21573CD200D745D9 /* Quiz24.c in Sources */ = {isa = PBXBuildFile; fileRef = 1F781C4B21573CD200D745D9 /* Quiz24.c */; };
		1F781C4F2157B3E400D745D9 /* Quiz25.c in Sources */ = {isa = PBXBuildFile; fileRef = 1F781C4E2157B3E400D745D9 /* Quiz25.c */; };
		1F781C522157BD3300D745D9 /* Quiz26.c in Sources */ = {isa = PBXBuildFile; fileRef = 1F781C512157BD3300D745D9 /* Quiz26.c */; };
		1F781C552158752A00D745D9 /* Quiz27.c in Sources */ = {isa = PBXBuildFile; fileRef = 1F781C542158752A00D745D9 /* Quiz27.c */; };
		1F781C582158B48000D745D9 /* Quiz28.c in Sources */ = {isa = PBXBuildFile; fileRef = 1F781C572158B48000D745D9 /* Quiz28.c */; };
		1F781C5B2158B68100D745D9 /* Quiz29.c in Sources */ = {isa = PBXBuildFile; fileRef = 1F781C5A2158B68100D745D9 /* Quiz29.c */; };
		1F781C5E2158BBA100D745D9 /* Quiz30.c in Sources */ = {isa = PBXBuildFile; fileRef = 1F781C5D2158BBA100D745D9 /* Quiz30.c */; };
		1F781C61215BD0FF00D745D9 /* LC53.c in Sources */ = {isa = PBXBuildFile; fileRef = 1F781C60215BD0FF00D745D9 /* LC53.c */; };
		1F7FAD73214CE4F0007AE55E /* Quiz20.c in Sources */ = {isa = PBXBuildFile; fileRef = 1F7FAD72214CE4F0007AE55E /* Quiz20.c */; };
		1F7FAD76214DF9BD007AE55E /* Quiz21.c in Sources */ = {isa = PBXBuildFile; fileRef = 1F7FAD75214DF9BD007AE55E /* Quiz21.c */; };
		1F7FAD79214E2FB5007AE55E /* Quiz22.c in Sources */ = {isa = PBXBuildFile; fileRef = 1F7FAD78214E2FB5007AE55E /* Quiz22.c */; };
		1F7FAD7D215149DA007AE55E /* Quiz23.c in Sources */ = {isa = PBXBuildFile; fileRef = 1F7FAD7C215149DA007AE55E /* Quiz23.c */; };
		1F7FAD8021514EB1007AE55E /* Quiz23.swift in Sources */ = {isa = PBXBuildFile; fileRef = 1F7FAD7F21514EB1007AE55E /* Quiz23.swift */; };
		1FA7E9FE2131792100163B81 /* main.swift in Sources */ = {isa = PBXBuildFile; fileRef = 1FA7E9FD2131792100163B81 /* main.swift */; };
		1FA7EA052131793100163B81 /* day1.swift in Sources */ = {isa = PBXBuildFile; fileRef = 1FA7EA042131793100163B81 /* day1.swift */; };
		1FC7F26B215CDC4C00DDDF25 /* LC58.c in Sources */ = {isa = PBXBuildFile; fileRef = 1FC7F26A215CDC4C00DDDF25 /* LC58.c */; };
		1FC7F26E215CDF9D00DDDF25 /* LC66.c in Sources */ = {isa = PBXBuildFile; fileRef = 1FC7F26D215CDF9D00DDDF25 /* LC66.c */; };
		1FC7F271215CECCA00DDDF25 /* LC67.c in Sources */ = {isa = PBXBuildFile; fileRef = 1FC7F270215CECCA00DDDF25 /* LC67.c */; };
		1FC7F274215CF6EB00DDDF25 /* LC69.c in Sources */ = {isa = PBXBuildFile; fileRef = 1FC7F273215CF6EB00DDDF25 /* LC69.c */; };
		1FC7F277215DD52D00DDDF25 /* LC3.c in Sources */ = {isa = PBXBuildFile; fileRef = 1FC7F276215DD52D00DDDF25 /* LC3.c */; };
		1FC7F27A215DDB8F00DDDF25 /* LC70.c in Sources */ = {isa = PBXBuildFile; fileRef = 1FC7F279215DDB8F00DDDF25 /* LC70.c */; };
		1FC7F27D215DFC0A00DDDF25 /* LC83.c in Sources */ = {isa = PBXBuildFile; fileRef = 1FC7F27C215DFC0A00DDDF25 /* LC83.c */; };
		1FC7F281215DFF8A00DDDF25 /* LC100.c in Sources */ = {isa = PBXBuildFile; fileRef = 1FC7F280215DFF8A00DDDF25 /* LC100.c */; };
		1FC7F284215E07A200DDDF25 /* LC101.c in Sources */ = {isa = PBXBuildFile; fileRef = 1FC7F283215E07A200DDDF25 /* LC101.c */; };
		1FC7F28A215E105F00DDDF25 /* LC111.c in Sources */ = {isa = PBXBuildFile; fileRef = 1FC7F289215E105F00DDDF25 /* LC111.c */; };
		1FC7F28D215E113900DDDF25 /* CommonStack.c in Sources */ = {isa = PBXBuildFile; fileRef = 1FC7F28C215E113900DDDF25 /* CommonStack.c */; };
/* End PBXBuildFile section */

/* Begin PBXCopyFilesBuildPhase section */
		1FA7E9F82131792000163B81 /* CopyFiles */ = {
			isa = PBXCopyFilesBuildPhase;
			buildActionMask = 2147483647;
			dstPath = /usr/share/man/man1/;
			dstSubfolderSpec = 0;
			files = (
			);
			runOnlyForDeploymentPostprocessing = 1;
		};
/* End PBXCopyFilesBuildPhase section */

/* Begin PBXFileReference section */
		1F00257321632FB4006F4AB4 /* LC108.h */ = {isa = PBXFileReference; lastKnownFileType = sourcecode.c.h; path = LC108.h; sourceTree = "<group>"; };
		1F00257421632FB4006F4AB4 /* LC108.c */ = {isa = PBXFileReference; lastKnownFileType = sourcecode.c.c; path = LC108.c; sourceTree = "<group>"; };
		1F0025762163338F006F4AB4 /* LC107.h */ = {isa = PBXFileReference; lastKnownFileType = sourcecode.c.h; path = LC107.h; sourceTree = "<group>"; };
		1F0025772163338F006F4AB4 /* LC107.c */ = {isa = PBXFileReference; lastKnownFileType = sourcecode.c.c; path = LC107.c; sourceTree = "<group>"; };
		1F00257921634EF3006F4AB4 /* LC107.swift */ = {isa = PBXFileReference; lastKnownFileType = sourcecode.swift; path = LC107.swift; sourceTree = "<group>"; };
		1F00257B21634F15006F4AB4 /* swiftDefines.swift */ = {isa = PBXFileReference; lastKnownFileType = sourcecode.swift; path = swiftDefines.swift; sourceTree = "<group>"; };
		1F00257D21646828006F4AB4 /* LC112.h */ = {isa = PBXFileReference; lastKnownFileType = sourcecode.c.h; path = LC112.h; sourceTree = "<group>"; };
		1F00257E21646828006F4AB4 /* LC112.c */ = {isa = PBXFileReference; lastKnownFileType = sourcecode.c.c; path = LC112.c; sourceTree = "<group>"; };
		1F00258021648D18006F4AB4 /* LC119.h */ = {isa = PBXFileReference; lastKnownFileType = sourcecode.c.h; path = LC119.h; sourceTree = "<group>"; };
		1F00258121648D18006F4AB4 /* LC119.c */ = {isa = PBXFileReference; lastKnownFileType = sourcecode.c.c; path = LC119.c; sourceTree = "<group>"; };
		1F0B5EE6215F2AF900CF63E3 /* LC110.h */ = {isa = PBXFileReference; lastKnownFileType = sourcecode.c.h; path = LC110.h; sourceTree = "<group>"; };
		1F0B5EE7215F2AF900CF63E3 /* LC110.c */ = {isa = PBXFileReference; lastKnownFileType = sourcecode.c.c; path = LC110.c; sourceTree = "<group>"; };
		1F0B5EE9215F2B8400CF63E3 /* Quiz7.h */ = {isa = PBXFileReference; lastKnownFileType = sourcecode.c.h; path = Quiz7.h; sourceTree = "<group>"; };
		1F274EA3215BA4520076AAD1 /* Quiz31.h */ = {isa = PBXFileReference; lastKnownFileType = sourcecode.c.h; path = Quiz31.h; sourceTree = "<group>"; };
		1F274EA4215BA4520076AAD1 /* Quiz31.c */ = {isa = PBXFileReference; lastKnownFileType = sourcecode.c.c; path = Quiz31.c; sourceTree = "<group>"; };
		1F2F02BC2132643900B32E46 /* day2.c */ = {isa = PBXFileReference; lastKnownFileType = sourcecode.c.c; path = day2.c; sourceTree = "<group>"; };
		1F2F02C02132709200B32E46 /* Day3.h */ = {isa = PBXFileReference; lastKnownFileType = sourcecode.c.h; path = Day3.h; sourceTree = "<group>"; };
		1F2F02C3213270CB00B32E46 /* Bridge.h */ = {isa = PBXFileReference; lastKnownFileType = sourcecode.c.h; path = Bridge.h; sourceTree = "<group>"; };
		1F2F02C421327B8F00B32E46 /* Day3.m */ = {isa = PBXFileReference; lastKnownFileType = sourcecode.c.objc; path = Day3.m; sourceTree = "<group>"; };
		1F2F02C6213BBCFB00B32E46 /* Quiz4.h */ = {isa = PBXFileReference; lastKnownFileType = sourcecode.c.h; path = Quiz4.h; sourceTree = "<group>"; };
		1F2F02C7213BBCFB00B32E46 /* Quiz4.m */ = {isa = PBXFileReference; lastKnownFileType = sourcecode.c.objc; path = Quiz4.m; sourceTree = "<group>"; };
		1F2F02C9213BBDB000B32E46 /* OCRun.h */ = {isa = PBXFileReference; lastKnownFileType = sourcecode.c.h; path = OCRun.h; sourceTree = "<group>"; };
		1F2F02CA213BBDB000B32E46 /* OCRun.m */ = {isa = PBXFileReference; lastKnownFileType = sourcecode.c.objc; path = OCRun.m; sourceTree = "<group>"; };
		1F2F02CC2143B5CF00B32E46 /* Quiz5.c */ = {isa = PBXFileReference; lastKnownFileType = sourcecode.c.c; path = Quiz5.c; sourceTree = "<group>"; };
		1F2F02CE2143B65C00B32E46 /* Quiz6.c */ = {isa = PBXFileReference; lastKnownFileType = sourcecode.c.c; path = Quiz6.c; sourceTree = "<group>"; };
		1F2F02D02143CB1B00B32E46 /* Quiz7.c */ = {isa = PBXFileReference; lastKnownFileType = sourcecode.c.c; path = Quiz7.c; sourceTree = "<group>"; };
		1F2F02D22143CF9000B32E46 /* LC88.c */ = {isa = PBXFileReference; lastKnownFileType = sourcecode.c.c; path = LC88.c; sourceTree = "<group>"; };
		1F2F02DA2143E85D00B32E46 /* Quiz9.h */ = {isa = PBXFileReference; lastKnownFileType = sourcecode.c.h; path = Quiz9.h; sourceTree = "<group>"; };
		1F2F02DB2143E85D00B32E46 /* Quiz9.c */ = {isa = PBXFileReference; lastKnownFileType = sourcecode.c.c; path = Quiz9.c; sourceTree = "<group>"; };
		1F2F02DD2144B9CB00B32E46 /* swiftHelper.swift */ = {isa = PBXFileReference; lastKnownFileType = sourcecode.swift; path = swiftHelper.swift; sourceTree = "<group>"; };
		1F2F02DF2145258800B32E46 /* Quiz10.h */ = {isa = PBXFileReference; lastKnownFileType = sourcecode.c.h; path = Quiz10.h; sourceTree = "<group>"; };
		1F2F02E02145258800B32E46 /* Quiz10.c */ = {isa = PBXFileReference; lastKnownFileType = sourcecode.c.c; path = Quiz10.c; sourceTree = "<group>"; };
		1F2F02E2214528EC00B32E46 /* Quiz11.h */ = {isa = PBXFileReference; lastKnownFileType = sourcecode.c.h; path = Quiz11.h; sourceTree = "<group>"; };
		1F2F02E3214528EC00B32E46 /* Quiz11.c */ = {isa = PBXFileReference; lastKnownFileType = sourcecode.c.c; path = Quiz11.c; sourceTree = "<group>"; };
		1F2F02E521452B5200B32E46 /* Quiz13.h */ = {isa = PBXFileReference; lastKnownFileType = sourcecode.c.h; path = Quiz13.h; sourceTree = "<group>"; };
		1F2F02E621452B5200B32E46 /* Quiz13.c */ = {isa = PBXFileReference; lastKnownFileType = sourcecode.c.c; path = Quiz13.c; sourceTree = "<group>"; };
		1F2F02E82145304D00B32E46 /* Quiz14.h */ = {isa = PBXFileReference; lastKnownFileType = sourcecode.c.h; path = Quiz14.h; sourceTree = "<group>"; };
		1F2F02E92145304D00B32E46 /* Quiz14.c */ = {isa = PBXFileReference; lastKnownFileType = sourcecode.c.c; path = Quiz14.c; sourceTree = "<group>"; };
		1F2F02EB2145372500B32E46 /* Quiz15.h */ = {isa = PBXFileReference; lastKnownFileType = sourcecode.c.h; path = Quiz15.h; sourceTree = "<group>"; };
		1F2F02EC2145372500B32E46 /* Quiz15.c */ = {isa = PBXFileReference; lastKnownFileType = sourcecode.c.c; path = Quiz15.c; sourceTree = "<group>"; };
		1F6E5AF0214692D000B72F64 /* Quiz16.h */ = {isa = PBXFileReference; lastKnownFileType = sourcecode.c.h; path = Quiz16.h; sourceTree = "<group>"; };
		1F6E5AF1214692D000B72F64 /* Quiz16.c */ = {isa = PBXFileReference; lastKnownFileType = sourcecode.c.c; path = Quiz16.c; sourceTree = "<group>"; };
		1F6E5AF72147DC4E00B72F64 /* Quiz17.h */ = {isa = PBXFileReference; lastKnownFileType = sourcecode.c.h; path = Quiz17.h; sourceTree = "<group>"; };
		1F6E5AF82147DC4E00B72F64 /* Quiz17.c */ = {isa = PBXFileReference; lastKnownFileType = sourcecode.c.c; path = Quiz17.c; sourceTree = "<group>"; };
		1F6E5AFA2147EC4600B72F64 /* Quiz18.h */ = {isa = PBXFileReference; lastKnownFileType = sourcecode.c.h; path = Quiz18.h; sourceTree = "<group>"; };
		1F6E5AFB2147EC4600B72F64 /* Quiz18.c */ = {isa = PBXFileReference; lastKnownFileType = sourcecode.c.c; path = Quiz18.c; sourceTree = "<group>"; };
		1F6E5B002149128800B72F64 /* Quiz19.h */ = {isa = PBXFileReference; lastKnownFileType = sourcecode.c.h; path = Quiz19.h; sourceTree = "<group>"; };
		1F6E5B012149128800B72F64 /* Quiz19.c */ = {isa = PBXFileReference; lastKnownFileType = sourcecode.c.c; path = Quiz19.c; sourceTree = "<group>"; };
		1F781C4A21573CD200D745D9 /* Quiz24.h */ = {isa = PBXFileReference; lastKnownFileType = sourcecode.c.h; path = Quiz24.h; sourceTree = "<group>"; };
		1F781C4B21573CD200D745D9 /* Quiz24.c */ = {isa = PBXFileReference; lastKnownFileType = sourcecode.c.c; path = Quiz24.c; sourceTree = "<group>"; };
		1F781C4D2157B3E400D745D9 /* Quiz25.h */ = {isa = PBXFileReference; lastKnownFileType = sourcecode.c.h; path = Quiz25.h; sourceTree = "<group>"; };
		1F781C4E2157B3E400D745D9 /* Quiz25.c */ = {isa = PBXFileReference; lastKnownFileType = sourcecode.c.c; path = Quiz25.c; sourceTree = "<group>"; };
		1F781C502157BD3300D745D9 /* Quiz26.h */ = {isa = PBXFileReference; lastKnownFileType = sourcecode.c.h; path = Quiz26.h; sourceTree = "<group>"; };
		1F781C512157BD3300D745D9 /* Quiz26.c */ = {isa = PBXFileReference; lastKnownFileType = sourcecode.c.c; path = Quiz26.c; sourceTree = "<group>"; };
		1F781C532158752A00D745D9 /* Quiz27.h */ = {isa = PBXFileReference; lastKnownFileType = sourcecode.c.h; path = Quiz27.h; sourceTree = "<group>"; };
		1F781C542158752A00D745D9 /* Quiz27.c */ = {isa = PBXFileReference; lastKnownFileType = sourcecode.c.c; path = Quiz27.c; sourceTree = "<group>"; };
		1F781C562158B48000D745D9 /* Quiz28.h */ = {isa = PBXFileReference; lastKnownFileType = sourcecode.c.h; path = Quiz28.h; sourceTree = "<group>"; };
		1F781C572158B48000D745D9 /* Quiz28.c */ = {isa = PBXFileReference; lastKnownFileType = sourcecode.c.c; path = Quiz28.c; sourceTree = "<group>"; };
		1F781C592158B68100D745D9 /* Quiz29.h */ = {isa = PBXFileReference; lastKnownFileType = sourcecode.c.h; path = Quiz29.h; sourceTree = "<group>"; };
		1F781C5A2158B68100D745D9 /* Quiz29.c */ = {isa = PBXFileReference; lastKnownFileType = sourcecode.c.c; path = Quiz29.c; sourceTree = "<group>"; };
		1F781C5C2158BBA100D745D9 /* Quiz30.h */ = {isa = PBXFileReference; lastKnownFileType = sourcecode.c.h; path = Quiz30.h; sourceTree = "<group>"; };
		1F781C5D2158BBA100D745D9 /* Quiz30.c */ = {isa = PBXFileReference; lastKnownFileType = sourcecode.c.c; path = Quiz30.c; sourceTree = "<group>"; };
		1F781C5F215BD0FF00D745D9 /* LC53.h */ = {isa = PBXFileReference; lastKnownFileType = sourcecode.c.h; path = LC53.h; sourceTree = "<group>"; };
		1F781C60215BD0FF00D745D9 /* LC53.c */ = {isa = PBXFileReference; lastKnownFileType = sourcecode.c.c; path = LC53.c; sourceTree = "<group>"; };
		1F7FAD71214CE4F0007AE55E /* Quiz20.h */ = {isa = PBXFileReference; lastKnownFileType = sourcecode.c.h; path = Quiz20.h; sourceTree = "<group>"; };
		1F7FAD72214CE4F0007AE55E /* Quiz20.c */ = {isa = PBXFileReference; lastKnownFileType = sourcecode.c.c; path = Quiz20.c; sourceTree = "<group>"; };
		1F7FAD74214DF9BD007AE55E /* Quiz21.h */ = {isa = PBXFileReference; lastKnownFileType = sourcecode.c.h; path = Quiz21.h; sourceTree = "<group>"; };
		1F7FAD75214DF9BD007AE55E /* Quiz21.c */ = {isa = PBXFileReference; lastKnownFileType = sourcecode.c.c; path = Quiz21.c; sourceTree = "<group>"; };
		1F7FAD77214E2FB5007AE55E /* Quiz22.h */ = {isa = PBXFileReference; lastKnownFileType = sourcecode.c.h; path = Quiz22.h; sourceTree = "<group>"; };
		1F7FAD78214E2FB5007AE55E /* Quiz22.c */ = {isa = PBXFileReference; lastKnownFileType = sourcecode.c.c; path = Quiz22.c; sourceTree = "<group>"; };
		1F7FAD7B215149DA007AE55E /* Quiz23.h */ = {isa = PBXFileReference; lastKnownFileType = sourcecode.c.h; path = Quiz23.h; sourceTree = "<group>"; };
		1F7FAD7C215149DA007AE55E /* Quiz23.c */ = {isa = PBXFileReference; lastKnownFileType = sourcecode.c.c; path = Quiz23.c; sourceTree = "<group>"; };
		1F7FAD7E21514A98007AE55E /* PrefixHeader.pch */ = {isa = PBXFileReference; lastKnownFileType = sourcecode.c.h; path = PrefixHeader.pch; sourceTree = "<group>"; };
		1F7FAD7F21514EB1007AE55E /* Quiz23.swift */ = {isa = PBXFileReference; lastKnownFileType = sourcecode.swift; path = Quiz23.swift; sourceTree = "<group>"; };
		1FA7E9FA2131792000163B81 /* LeetCodePractice */ = {isa = PBXFileReference; explicitFileType = "compiled.mach-o.executable"; includeInIndex = 0; path = LeetCodePractice; sourceTree = BUILT_PRODUCTS_DIR; };
		1FA7E9FD2131792100163B81 /* main.swift */ = {isa = PBXFileReference; lastKnownFileType = sourcecode.swift; path = main.swift; sourceTree = "<group>"; };
		1FA7EA042131793100163B81 /* day1.swift */ = {isa = PBXFileReference; lastKnownFileType = sourcecode.swift; path = day1.swift; sourceTree = "<group>"; };
		1FC7F269215CDC4C00DDDF25 /* LC58.h */ = {isa = PBXFileReference; lastKnownFileType = sourcecode.c.h; path = LC58.h; sourceTree = "<group>"; };
		1FC7F26A215CDC4C00DDDF25 /* LC58.c */ = {isa = PBXFileReference; lastKnownFileType = sourcecode.c.c; path = LC58.c; sourceTree = "<group>"; };
		1FC7F26C215CDF9D00DDDF25 /* LC66.h */ = {isa = PBXFileReference; lastKnownFileType = sourcecode.c.h; path = LC66.h; sourceTree = "<group>"; };
		1FC7F26D215CDF9D00DDDF25 /* LC66.c */ = {isa = PBXFileReference; lastKnownFileType = sourcecode.c.c; path = LC66.c; sourceTree = "<group>"; };
		1FC7F26F215CECCA00DDDF25 /* LC67.h */ = {isa = PBXFileReference; lastKnownFileType = sourcecode.c.h; path = LC67.h; sourceTree = "<group>"; };
		1FC7F270215CECCA00DDDF25 /* LC67.c */ = {isa = PBXFileReference; lastKnownFileType = sourcecode.c.c; path = LC67.c; sourceTree = "<group>"; };
		1FC7F272215CF6EB00DDDF25 /* LC69.h */ = {isa = PBXFileReference; lastKnownFileType = sourcecode.c.h; path = LC69.h; sourceTree = "<group>"; };
		1FC7F273215CF6EB00DDDF25 /* LC69.c */ = {isa = PBXFileReference; lastKnownFileType = sourcecode.c.c; path = LC69.c; sourceTree = "<group>"; };
		1FC7F275215DD52D00DDDF25 /* LC3.h */ = {isa = PBXFileReference; lastKnownFileType = sourcecode.c.h; path = LC3.h; sourceTree = "<group>"; };
		1FC7F276215DD52D00DDDF25 /* LC3.c */ = {isa = PBXFileReference; lastKnownFileType = sourcecode.c.c; path = LC3.c; sourceTree = "<group>"; };
		1FC7F278215DDB8F00DDDF25 /* LC70.h */ = {isa = PBXFileReference; lastKnownFileType = sourcecode.c.h; path = LC70.h; sourceTree = "<group>"; };
		1FC7F279215DDB8F00DDDF25 /* LC70.c */ = {isa = PBXFileReference; lastKnownFileType = sourcecode.c.c; path = LC70.c; sourceTree = "<group>"; };
		1FC7F27B215DFC0A00DDDF25 /* LC83.h */ = {isa = PBXFileReference; lastKnownFileType = sourcecode.c.h; path = LC83.h; sourceTree = "<group>"; };
		1FC7F27C215DFC0A00DDDF25 /* LC83.c */ = {isa = PBXFileReference; lastKnownFileType = sourcecode.c.c; path = LC83.c; sourceTree = "<group>"; };
		1FC7F27E215DFF1C00DDDF25 /* LC88.h */ = {isa = PBXFileReference; lastKnownFileType = sourcecode.c.h; path = LC88.h; sourceTree = "<group>"; };
		1FC7F27F215DFF8A00DDDF25 /* LC100.h */ = {isa = PBXFileReference; lastKnownFileType = sourcecode.c.h; path = LC100.h; sourceTree = "<group>"; };
		1FC7F280215DFF8A00DDDF25 /* LC100.c */ = {isa = PBXFileReference; lastKnownFileType = sourcecode.c.c; path = LC100.c; sourceTree = "<group>"; };
		1FC7F282215E07A200DDDF25 /* LC101.h */ = {isa = PBXFileReference; lastKnownFileType = sourcecode.c.h; path = LC101.h; sourceTree = "<group>"; };
		1FC7F283215E07A200DDDF25 /* LC101.c */ = {isa = PBXFileReference; lastKnownFileType = sourcecode.c.c; path = LC101.c; sourceTree = "<group>"; };
		1FC7F288215E105F00DDDF25 /* LC111.h */ = {isa = PBXFileReference; lastKnownFileType = sourcecode.c.h; path = LC111.h; sourceTree = "<group>"; };
		1FC7F289215E105F00DDDF25 /* LC111.c */ = {isa = PBXFileReference; lastKnownFileType = sourcecode.c.c; path = LC111.c; sourceTree = "<group>"; };
		1FC7F28B215E113900DDDF25 /* CommonStack.h */ = {isa = PBXFileReference; lastKnownFileType = sourcecode.c.h; path = CommonStack.h; sourceTree = "<group>"; };
		1FC7F28C215E113900DDDF25 /* CommonStack.c */ = {isa = PBXFileReference; lastKnownFileType = sourcecode.c.c; path = CommonStack.c; sourceTree = "<group>"; };
/* End PBXFileReference section */

/* Begin PBXFrameworksBuildPhase section */
		1FA7E9F72131792000163B81 /* Frameworks */ = {
			isa = PBXFrameworksBuildPhase;
			buildActionMask = 2147483647;
			files = (
			);
			runOnlyForDeploymentPostprocessing = 0;
		};
/* End PBXFrameworksBuildPhase section */

/* Begin PBXGroup section */
		1F274EA2215BA43C0076AAD1 /* Easy3 */ = {
			isa = PBXGroup;
			children = (
				1F274EA3215BA4520076AAD1 /* Quiz31.h */,
				1F274EA4215BA4520076AAD1 /* Quiz31.c */,
				1F781C5F215BD0FF00D745D9 /* LC53.h */,
				1F781C60215BD0FF00D745D9 /* LC53.c */,
				1FC7F269215CDC4C00DDDF25 /* LC58.h */,
				1FC7F26A215CDC4C00DDDF25 /* LC58.c */,
				1FC7F26C215CDF9D00DDDF25 /* LC66.h */,
				1FC7F26D215CDF9D00DDDF25 /* LC66.c */,
				1FC7F26F215CECCA00DDDF25 /* LC67.h */,
				1FC7F270215CECCA00DDDF25 /* LC67.c */,
				1FC7F272215CF6EB00DDDF25 /* LC69.h */,
				1FC7F273215CF6EB00DDDF25 /* LC69.c */,
				1FC7F275215DD52D00DDDF25 /* LC3.h */,
				1FC7F276215DD52D00DDDF25 /* LC3.c */,
				1FC7F278215DDB8F00DDDF25 /* LC70.h */,
				1FC7F279215DDB8F00DDDF25 /* LC70.c */,
				1FC7F27B215DFC0A00DDDF25 /* LC83.h */,
				1FC7F27C215DFC0A00DDDF25 /* LC83.c */,
				1FC7F27F215DFF8A00DDDF25 /* LC100.h */,
				1FC7F280215DFF8A00DDDF25 /* LC100.c */,
				1FC7F282215E07A200DDDF25 /* LC101.h */,
				1FC7F283215E07A200DDDF25 /* LC101.c */,
				1FC7F288215E105F00DDDF25 /* LC111.h */,
				1FC7F289215E105F00DDDF25 /* LC111.c */,
				1F0B5EE6215F2AF900CF63E3 /* LC110.h */,
				1F0B5EE7215F2AF900CF63E3 /* LC110.c */,
				1F00257321632FB4006F4AB4 /* LC108.h */,
				1F00257421632FB4006F4AB4 /* LC108.c */,
				1F0025762163338F006F4AB4 /* LC107.h */,
				1F0025772163338F006F4AB4 /* LC107.c */,
				1F00257921634EF3006F4AB4 /* LC107.swift */,
				1F00257D21646828006F4AB4 /* LC112.h */,
				1F00257E21646828006F4AB4 /* LC112.c */,
				1F00258021648D18006F4AB4 /* LC119.h */,
				1F00258121648D18006F4AB4 /* LC119.c */,
			);
			path = Easy3;
			sourceTree = "<group>";
		};
		1F6E5AF3214692E400B72F64 /* Easy */ = {
			isa = PBXGroup;
			children = (
				1FA7EA042131793100163B81 /* day1.swift */,
				1F2F02BC2132643900B32E46 /* day2.c */,
				1F2F02C02132709200B32E46 /* Day3.h */,
				1F2F02C421327B8F00B32E46 /* Day3.m */,
				1F2F02C6213BBCFB00B32E46 /* Quiz4.h */,
				1F2F02C7213BBCFB00B32E46 /* Quiz4.m */,
				1F2F02CC2143B5CF00B32E46 /* Quiz5.c */,
				1F2F02CE2143B65C00B32E46 /* Quiz6.c */,
				1F0B5EE9215F2B8400CF63E3 /* Quiz7.h */,
				1F2F02D02143CB1B00B32E46 /* Quiz7.c */,
				1FC7F27E215DFF1C00DDDF25 /* LC88.h */,
				1F2F02D22143CF9000B32E46 /* LC88.c */,
				1F2F02DA2143E85D00B32E46 /* Quiz9.h */,
				1F2F02DB2143E85D00B32E46 /* Quiz9.c */,
				1F2F02DF2145258800B32E46 /* Quiz10.h */,
				1F2F02E02145258800B32E46 /* Quiz10.c */,
				1F2F02E2214528EC00B32E46 /* Quiz11.h */,
				1F2F02E3214528EC00B32E46 /* Quiz11.c */,
				1F2F02E521452B5200B32E46 /* Quiz13.h */,
				1F2F02E621452B5200B32E46 /* Quiz13.c */,
				1F2F02E82145304D00B32E46 /* Quiz14.h */,
				1F2F02E92145304D00B32E46 /* Quiz14.c */,
				1F2F02EB2145372500B32E46 /* Quiz15.h */,
				1F2F02EC2145372500B32E46 /* Quiz15.c */,
				1F6E5AF0214692D000B72F64 /* Quiz16.h */,
				1F6E5AF1214692D000B72F64 /* Quiz16.c */,
				1F6E5AF72147DC4E00B72F64 /* Quiz17.h */,
				1F6E5AF82147DC4E00B72F64 /* Quiz17.c */,
				1F6E5AFA2147EC4600B72F64 /* Quiz18.h */,
				1F6E5AFB2147EC4600B72F64 /* Quiz18.c */,
				1F6E5B002149128800B72F64 /* Quiz19.h */,
				1F6E5B012149128800B72F64 /* Quiz19.c */,
				1F7FAD71214CE4F0007AE55E /* Quiz20.h */,
				1F7FAD72214CE4F0007AE55E /* Quiz20.c */,
				1F7FAD74214DF9BD007AE55E /* Quiz21.h */,
				1F7FAD75214DF9BD007AE55E /* Quiz21.c */,
				1F7FAD77214E2FB5007AE55E /* Quiz22.h */,
				1F7FAD78214E2FB5007AE55E /* Quiz22.c */,
			);
			path = Easy;
			sourceTree = "<group>";
		};
		1F7FAD7A215149B1007AE55E /* Easy2 */ = {
			isa = PBXGroup;
			children = (
				1F7FAD7B215149DA007AE55E /* Quiz23.h */,
				1F7FAD7C215149DA007AE55E /* Quiz23.c */,
				1F7FAD7F21514EB1007AE55E /* Quiz23.swift */,
				1F781C4A21573CD200D745D9 /* Quiz24.h */,
				1F781C4B21573CD200D745D9 /* Quiz24.c */,
				1F781C4D2157B3E400D745D9 /* Quiz25.h */,
				1F781C4E2157B3E400D745D9 /* Quiz25.c */,
				1F781C502157BD3300D745D9 /* Quiz26.h */,
				1F781C512157BD3300D745D9 /* Quiz26.c */,
				1F781C532158752A00D745D9 /* Quiz27.h */,
				1F781C542158752A00D745D9 /* Quiz27.c */,
				1F781C562158B48000D745D9 /* Quiz28.h */,
				1F781C572158B48000D745D9 /* Quiz28.c */,
				1F781C592158B68100D745D9 /* Quiz29.h */,
				1F781C5A2158B68100D745D9 /* Quiz29.c */,
				1F781C5C2158BBA100D745D9 /* Quiz30.h */,
				1F781C5D2158BBA100D745D9 /* Quiz30.c */,
			);
			path = Easy2;
			sourceTree = "<group>";
		};
		1FA7E9F12131792000163B81 = {
			isa = PBXGroup;
			children = (
				1FA7E9FC2131792000163B81 /* LeetCodePractice */,
				1FA7E9FB2131792000163B81 /* Products */,
			);
			sourceTree = "<group>";
		};
		1FA7E9FB2131792000163B81 /* Products */ = {
			isa = PBXGroup;
			children = (
				1FA7E9FA2131792000163B81 /* LeetCodePractice */,
			);
			name = Products;
			sourceTree = "<group>";
		};
		1FA7E9FC2131792000163B81 /* LeetCodePractice */ = {
			isa = PBXGroup;
			children = (
				1FA7E9FD2131792100163B81 /* main.swift */,
				1F2F02DD2144B9CB00B32E46 /* swiftHelper.swift */,
				1F00257B21634F15006F4AB4 /* swiftDefines.swift */,
				1F2F02C9213BBDB000B32E46 /* OCRun.h */,
				1F2F02CA213BBDB000B32E46 /* OCRun.m */,
				1FC7F28B215E113900DDDF25 /* CommonStack.h */,
				1FC7F28C215E113900DDDF25 /* CommonStack.c */,
				1F7FAD7E21514A98007AE55E /* PrefixHeader.pch */,
				1F274EA2215BA43C0076AAD1 /* Easy3 */,
				1F7FAD7A215149B1007AE55E /* Easy2 */,
				1F6E5AF3214692E400B72F64 /* Easy */,
				1F2F02C3213270CB00B32E46 /* Bridge.h */,
			);
			path = LeetCodePractice;
			sourceTree = "<group>";
		};
/* End PBXGroup section */

/* Begin PBXNativeTarget section */
		1FA7E9F92131792000163B81 /* LeetCodePractice */ = {
			isa = PBXNativeTarget;
			buildConfigurationList = 1FA7EA012131792100163B81 /* Build configuration list for PBXNativeTarget "LeetCodePractice" */;
			buildPhases = (
				1FA7E9F62131792000163B81 /* Sources */,
				1FA7E9F72131792000163B81 /* Frameworks */,
				1FA7E9F82131792000163B81 /* CopyFiles */,
			);
			buildRules = (
			);
			dependencies = (
			);
			name = LeetCodePractice;
			productName = LeetCodePractice;
			productReference = 1FA7E9FA2131792000163B81 /* LeetCodePractice */;
			productType = "com.apple.product-type.tool";
		};
/* End PBXNativeTarget section */

/* Begin PBXProject section */
		1FA7E9F22131792000163B81 /* Project object */ = {
			isa = PBXProject;
			attributes = {
				LastSwiftUpdateCheck = 0940;
				LastUpgradeCheck = 0940;
				ORGANIZATIONNAME = White;
				TargetAttributes = {
					1FA7E9F92131792000163B81 = {
						CreatedOnToolsVersion = 9.4.1;
						LastSwiftMigration = 0940;
					};
				};
			};
			buildConfigurationList = 1FA7E9F52131792000163B81 /* Build configuration list for PBXProject "LeetCodePractice" */;
			compatibilityVersion = "Xcode 9.3";
			developmentRegion = en;
			hasScannedForEncodings = 0;
			knownRegions = (
				en,
			);
			mainGroup = 1FA7E9F12131792000163B81;
			productRefGroup = 1FA7E9FB2131792000163B81 /* Products */;
			projectDirPath = "";
			projectRoot = "";
			targets = (
				1FA7E9F92131792000163B81 /* LeetCodePractice */,
			);
		};
/* End PBXProject section */

/* Begin PBXSourcesBuildPhase section */
		1FA7E9F62131792000163B81 /* Sources */ = {
			isa = PBXSourcesBuildPhase;
			buildActionMask = 2147483647;
			files = (
				1F00257521632FB4006F4AB4 /* LC108.c in Sources */,
				1FC7F281215DFF8A00DDDF25 /* LC100.c in Sources */,
				1FC7F284215E07A200DDDF25 /* LC101.c in Sources */,
				1F7FAD76214DF9BD007AE55E /* Quiz21.c in Sources */,
				1F781C552158752A00D745D9 /* Quiz27.c in Sources */,
				1F781C4F2157B3E400D745D9 /* Quiz25.c in Sources */,
				1F2F02D32143CF9000B32E46 /* LC88.c in Sources */,
				1FC7F26E215CDF9D00DDDF25 /* LC66.c in Sources */,
				1FC7F271215CECCA00DDDF25 /* LC67.c in Sources */,
				1F00257A21634EF3006F4AB4 /* LC107.swift in Sources */,
				1F2F02EA2145304D00B32E46 /* Quiz14.c in Sources */,
				1FC7F28A215E105F00DDDF25 /* LC111.c in Sources */,
				1F2F02D12143CB1B00B32E46 /* Quiz7.c in Sources */,
				1F7FAD7D215149DA007AE55E /* Quiz23.c in Sources */,
				1FC7F26B215CDC4C00DDDF25 /* LC58.c in Sources */,
				1F00257F21646828006F4AB4 /* LC112.c in Sources */,
				1F6E5AFC2147EC4600B72F64 /* Quiz18.c in Sources */,
				1F7FAD73214CE4F0007AE55E /* Quiz20.c in Sources */,
				1F7FAD79214E2FB5007AE55E /* Quiz22.c in Sources */,
				1FC7F274215CF6EB00DDDF25 /* LC69.c in Sources */,
				1F2F02CF2143B65C00B32E46 /* Quiz6.c in Sources */,
				1F2F02DC2143E85D00B32E46 /* Quiz9.c in Sources */,
				1FC7F277215DD52D00DDDF25 /* LC3.c in Sources */,
				1F2F02CB213BBDB000B32E46 /* OCRun.m in Sources */,
				1FC7F28D215E113900DDDF25 /* CommonStack.c in Sources */,
				1F781C5B2158B68100D745D9 /* Quiz29.c in Sources */,
				1F00257C21634F15006F4AB4 /* swiftDefines.swift in Sources */,
				1F2F02C521327B8F00B32E46 /* Day3.m in Sources */,
				1F6E5AF2214692D000B72F64 /* Quiz16.c in Sources */,
				1F0B5EE8215F2AF900CF63E3 /* LC110.c in Sources */,
				1F00258221648D18006F4AB4 /* LC119.c in Sources */,
				1FC7F27D215DFC0A00DDDF25 /* LC83.c in Sources */,
				1F2F02E721452B5200B32E46 /* Quiz13.c in Sources */,
				1F2F02ED2145372500B32E46 /* Quiz15.c in Sources */,
				1F781C5E2158BBA100D745D9 /* Quiz30.c in Sources */,
				1F6E5AF92147DC4E00B72F64 /* Quiz17.c in Sources */,
				1F781C61215BD0FF00D745D9 /* LC53.c in Sources */,
				1FA7EA052131793100163B81 /* day1.swift in Sources */,
				1F2F02DE2144B9CB00B32E46 /* swiftHelper.swift in Sources */,
				1F2F02C8213BBCFB00B32E46 /* Quiz4.m in Sources */,
				1FA7E9FE2131792100163B81 /* main.swift in Sources */,
				1F6E5B022149128800B72F64 /* Quiz19.c in Sources */,
				1F0025782163338F006F4AB4 /* LC107.c in Sources */,
				1F2F02E12145258800B32E46 /* Quiz10.c in Sources */,
				1F274EA5215BA4520076AAD1 /* Quiz31.c in Sources */,
				1FC7F27A215DDB8F00DDDF25 /* LC70.c in Sources */,
				1F781C4C21573CD200D745D9 /* Quiz24.c in Sources */,
				1F2F02E4214528EC00B32E46 /* Quiz11.c in Sources */,
				1F7FAD8021514EB1007AE55E /* Quiz23.swift in Sources */,
				1F781C582158B48000D745D9 /* Quiz28.c in Sources */,
				1F2F02CD2143B5CF00B32E46 /* Quiz5.c in Sources */,
				1F781C522157BD3300D745D9 /* Quiz26.c in Sources */,
				1F2F02BD2132643900B32E46 /* day2.c in Sources */,
			);
			runOnlyForDeploymentPostprocessing = 0;
		};
/* End PBXSourcesBuildPhase section */

/* Begin XCBuildConfiguration section */
		1FA7E9FF2131792100163B81 /* Debug */ = {
			isa = XCBuildConfiguration;
			buildSettings = {
				ALWAYS_SEARCH_USER_PATHS = NO;
				CLANG_ANALYZER_NONNULL = YES;
				CLANG_ANALYZER_NUMBER_OBJECT_CONVERSION = YES_AGGRESSIVE;
				CLANG_CXX_LANGUAGE_STANDARD = "gnu++14";
				CLANG_CXX_LIBRARY = "libc++";
				CLANG_ENABLE_MODULES = YES;
				CLANG_ENABLE_OBJC_ARC = YES;
				CLANG_ENABLE_OBJC_WEAK = YES;
				CLANG_WARN_BLOCK_CAPTURE_AUTORELEASING = YES;
				CLANG_WARN_BOOL_CONVERSION = YES;
				CLANG_WARN_COMMA = YES;
				CLANG_WARN_CONSTANT_CONVERSION = YES;
				CLANG_WARN_DEPRECATED_OBJC_IMPLEMENTATIONS = YES;
				CLANG_WARN_DIRECT_OBJC_ISA_USAGE = YES_ERROR;
				CLANG_WARN_DOCUMENTATION_COMMENTS = YES;
				CLANG_WARN_EMPTY_BODY = YES;
				CLANG_WARN_ENUM_CONVERSION = YES;
				CLANG_WARN_INFINITE_RECURSION = YES;
				CLANG_WARN_INT_CONVERSION = YES;
				CLANG_WARN_NON_LITERAL_NULL_CONVERSION = YES;
				CLANG_WARN_OBJC_IMPLICIT_RETAIN_SELF = YES;
				CLANG_WARN_OBJC_LITERAL_CONVERSION = YES;
				CLANG_WARN_OBJC_ROOT_CLASS = YES_ERROR;
				CLANG_WARN_RANGE_LOOP_ANALYSIS = YES;
				CLANG_WARN_STRICT_PROTOTYPES = YES;
				CLANG_WARN_SUSPICIOUS_MOVE = YES;
				CLANG_WARN_UNGUARDED_AVAILABILITY = YES_AGGRESSIVE;
				CLANG_WARN_UNREACHABLE_CODE = YES;
				CLANG_WARN__DUPLICATE_METHOD_MATCH = YES;
				CODE_SIGN_IDENTITY = "-";
				COPY_PHASE_STRIP = NO;
				DEBUG_INFORMATION_FORMAT = dwarf;
				ENABLE_STRICT_OBJC_MSGSEND = YES;
				ENABLE_TESTABILITY = YES;
				GCC_C_LANGUAGE_STANDARD = gnu11;
				GCC_DYNAMIC_NO_PIC = NO;
				GCC_NO_COMMON_BLOCKS = YES;
				GCC_OPTIMIZATION_LEVEL = 0;
				GCC_PREPROCESSOR_DEFINITIONS = (
					"DEBUG=1",
					"$(inherited)",
				);
				GCC_WARN_64_TO_32_BIT_CONVERSION = YES;
				GCC_WARN_ABOUT_RETURN_TYPE = YES_ERROR;
				GCC_WARN_UNDECLARED_SELECTOR = YES;
				GCC_WARN_UNINITIALIZED_AUTOS = YES_AGGRESSIVE;
				GCC_WARN_UNUSED_FUNCTION = YES;
				GCC_WARN_UNUSED_VARIABLE = YES;
				MACOSX_DEPLOYMENT_TARGET = 10.13;
				MTL_ENABLE_DEBUG_INFO = YES;
				ONLY_ACTIVE_ARCH = YES;
				SDKROOT = macosx;
				SWIFT_ACTIVE_COMPILATION_CONDITIONS = DEBUG;
				SWIFT_OPTIMIZATION_LEVEL = "-Onone";
			};
			name = Debug;
		};
		1FA7EA002131792100163B81 /* Release */ = {
			isa = XCBuildConfiguration;
			buildSettings = {
				ALWAYS_SEARCH_USER_PATHS = NO;
				CLANG_ANALYZER_NONNULL = YES;
				CLANG_ANALYZER_NUMBER_OBJECT_CONVERSION = YES_AGGRESSIVE;
				CLANG_CXX_LANGUAGE_STANDARD = "gnu++14";
				CLANG_CXX_LIBRARY = "libc++";
				CLANG_ENABLE_MODULES = YES;
				CLANG_ENABLE_OBJC_ARC = YES;
				CLANG_ENABLE_OBJC_WEAK = YES;
				CLANG_WARN_BLOCK_CAPTURE_AUTORELEASING = YES;
				CLANG_WARN_BOOL_CONVERSION = YES;
				CLANG_WARN_COMMA = YES;
				CLANG_WARN_CONSTANT_CONVERSION = YES;
				CLANG_WARN_DEPRECATED_OBJC_IMPLEMENTATIONS = YES;
				CLANG_WARN_DIRECT_OBJC_ISA_USAGE = YES_ERROR;
				CLANG_WARN_DOCUMENTATION_COMMENTS = YES;
				CLANG_WARN_EMPTY_BODY = YES;
				CLANG_WARN_ENUM_CONVERSION = YES;
				CLANG_WARN_INFINITE_RECURSION = YES;
				CLANG_WARN_INT_CONVERSION = YES;
				CLANG_WARN_NON_LITERAL_NULL_CONVERSION = YES;
				CLANG_WARN_OBJC_IMPLICIT_RETAIN_SELF = YES;
				CLANG_WARN_OBJC_LITERAL_CONVERSION = YES;
				CLANG_WARN_OBJC_ROOT_CLASS = YES_ERROR;
				CLANG_WARN_RANGE_LOOP_ANALYSIS = YES;
				CLANG_WARN_STRICT_PROTOTYPES = YES;
				CLANG_WARN_SUSPICIOUS_MOVE = YES;
				CLANG_WARN_UNGUARDED_AVAILABILITY = YES_AGGRESSIVE;
				CLANG_WARN_UNREACHABLE_CODE = YES;
				CLANG_WARN__DUPLICATE_METHOD_MATCH = YES;
				CODE_SIGN_IDENTITY = "-";
				COPY_PHASE_STRIP = NO;
				DEBUG_INFORMATION_FORMAT = "dwarf-with-dsym";
				ENABLE_NS_ASSERTIONS = NO;
				ENABLE_STRICT_OBJC_MSGSEND = YES;
				GCC_C_LANGUAGE_STANDARD = gnu11;
				GCC_NO_COMMON_BLOCKS = YES;
				GCC_WARN_64_TO_32_BIT_CONVERSION = YES;
				GCC_WARN_ABOUT_RETURN_TYPE = YES_ERROR;
				GCC_WARN_UNDECLARED_SELECTOR = YES;
				GCC_WARN_UNINITIALIZED_AUTOS = YES_AGGRESSIVE;
				GCC_WARN_UNUSED_FUNCTION = YES;
				GCC_WARN_UNUSED_VARIABLE = YES;
				MACOSX_DEPLOYMENT_TARGET = 10.13;
				MTL_ENABLE_DEBUG_INFO = NO;
				SDKROOT = macosx;
				SWIFT_COMPILATION_MODE = wholemodule;
				SWIFT_OPTIMIZATION_LEVEL = "-O";
			};
			name = Release;
		};
		1FA7EA022131792100163B81 /* Debug */ = {
			isa = XCBuildConfiguration;
			buildSettings = {
				CLANG_ENABLE_MODULES = YES;
				CODE_SIGN_STYLE = Automatic;
				GCC_C_LANGUAGE_STANDARD = gnu11;
				GCC_PRECOMPILE_PREFIX_HEADER = NO;
				GCC_PREFIX_HEADER = "$(SRCROOT)/LeetCodePractice/PrefixHeader.pch";
				LD_RUNPATH_SEARCH_PATHS = (
					"$(inherited)",
					"@executable_path/../Frameworks",
					"@loader_path/../Frameworks",
				);
				PRODUCT_NAME = "$(TARGET_NAME)";
				SWIFT_OBJC_BRIDGING_HEADER = "$(SRCROOT)/LeetCodePractice/Bridge.h";
				SWIFT_OPTIMIZATION_LEVEL = "-Onone";
				SWIFT_VERSION = 4.0;
			};
			name = Debug;
		};
		1FA7EA032131792100163B81 /* Release */ = {
			isa = XCBuildConfiguration;
			buildSettings = {
				CLANG_ENABLE_MODULES = YES;
				CODE_SIGN_STYLE = Automatic;
				GCC_C_LANGUAGE_STANDARD = gnu11;
				GCC_PRECOMPILE_PREFIX_HEADER = NO;
				GCC_PREFIX_HEADER = "$(SRCROOT)/LeetCodePractice/PrefixHeader.pch";
				LD_RUNPATH_SEARCH_PATHS = (
					"$(inherited)",
					"@executable_path/../Frameworks",
					"@loader_path/../Frameworks",
				);
				PRODUCT_NAME = "$(TARGET_NAME)";
				SWIFT_OBJC_BRIDGING_HEADER = "$(SRCROOT)/LeetCodePractice/Bridge.h";
				SWIFT_VERSION = 4.0;
			};
			name = Release;
		};
/* End XCBuildConfiguration section */

/* Begin XCConfigurationList section */
		1FA7E9F52131792000163B81 /* Build configuration list for PBXProject "LeetCodePractice" */ = {
			isa = XCConfigurationList;
			buildConfigurations = (
				1FA7E9FF2131792100163B81 /* Debug */,
				1FA7EA002131792100163B81 /* Release */,
			);
			defaultConfigurationIsVisible = 0;
			defaultConfigurationName = Release;
		};
		1FA7EA012131792100163B81 /* Build configuration list for PBXNativeTarget "LeetCodePractice" */ = {
			isa = XCConfigurationList;
			buildConfigurations = (
				1FA7EA022131792100163B81 /* Debug */,
				1FA7EA032131792100163B81 /* Release */,
			);
			defaultConfigurationIsVisible = 0;
			defaultConfigurationName = Release;
		};
/* End XCConfigurationList section */
	};
	rootObject = 1FA7E9F22131792000163B81 /* Project object */;
}
