// !$*UTF8*$!
{
	archiveVersion = 1;
	classes = {
	};
	objectVersion = 50;
	objects = {

/* Begin PBXBuildFile section */
		1F2F02B521325F9D00B32E46 /* day2.swift in Sources */ = {isa = PBXBuildFile; fileRef = 1F2F02B421325F9D00B32E46 /* day2.swift */; };
		1F2F02BD2132643900B32E46 /* day2.c in Sources */ = {isa = PBXBuildFile; fileRef = 1F2F02BC2132643900B32E46 /* day2.c */; };
		1F2F02C521327B8F00B32E46 /* Day3.m in Sources */ = {isa = PBXBuildFile; fileRef = 1F2F02C421327B8F00B32E46 /* Day3.m */; };
		1F2F02C8213BBCFB00B32E46 /* Quiz4.m in Sources */ = {isa = PBXBuildFile; fileRef = 1F2F02C7213BBCFB00B32E46 /* Quiz4.m */; };
		1F2F02CB213BBDB000B32E46 /* OCRun.m in Sources */ = {isa = PBXBuildFile; fileRef = 1F2F02CA213BBDB000B32E46 /* OCRun.m */; };
		1F2F02CD2143B5CF00B32E46 /* Quiz5.c in Sources */ = {isa = PBXBuildFile; fileRef = 1F2F02CC2143B5CF00B32E46 /* Quiz5.c */; };
		1F2F02CF2143B65C00B32E46 /* Quiz6.c in Sources */ = {isa = PBXBuildFile; fileRef = 1F2F02CE2143B65C00B32E46 /* Quiz6.c */; };
		1FA7E9FE2131792100163B81 /* main.swift in Sources */ = {isa = PBXBuildFile; fileRef = 1FA7E9FD2131792100163B81 /* main.swift */; };
		1FA7EA052131793100163B81 /* day1.swift in Sources */ = {isa = PBXBuildFile; fileRef = 1FA7EA042131793100163B81 /* day1.swift */; };
/* End PBXBuildFile section */

/* Begin PBXCopyFilesBuildPhase section */
		1FA7E9F82131792000163B81 /* CopyFiles */ = {
			isa = PBXCopyFilesBuildPhase;
			buildActionMask = 2147483647;
			dstPath = /usr/share/man/man1/;
			dstSubfolderSpec = 0;
			files = (
			);
			runOnlyForDeploymentPostprocessing = 1;
		};
/* End PBXCopyFilesBuildPhase section */

/* Begin PBXFileReference section */
		1F2F02B421325F9D00B32E46 /* day2.swift */ = {isa = PBXFileReference; lastKnownFileType = sourcecode.swift; name = day2.swift; path = "../../../Library/Mobile Documents/com~apple~CloudDocs/day2.swift"; sourceTree = "<group>"; };
		1F2F02BC2132643900B32E46 /* day2.c */ = {isa = PBXFileReference; lastKnownFileType = sourcecode.c.c; path = day2.c; sourceTree = "<group>"; };
		1F2F02C02132709200B32E46 /* Day3.h */ = {isa = PBXFileReference; lastKnownFileType = sourcecode.c.h; path = Day3.h; sourceTree = "<group>"; };
		1F2F02C3213270CB00B32E46 /* Bridge.h */ = {isa = PBXFileReference; lastKnownFileType = sourcecode.c.h; path = Bridge.h; sourceTree = "<group>"; };
		1F2F02C421327B8F00B32E46 /* Day3.m */ = {isa = PBXFileReference; lastKnownFileType = sourcecode.c.objc; path = Day3.m; sourceTree = "<group>"; };
		1F2F02C6213BBCFB00B32E46 /* Quiz4.h */ = {isa = PBXFileReference; lastKnownFileType = sourcecode.c.h; path = Quiz4.h; sourceTree = "<group>"; };
		1F2F02C7213BBCFB00B32E46 /* Quiz4.m */ = {isa = PBXFileReference; lastKnownFileType = sourcecode.c.objc; path = Quiz4.m; sourceTree = "<group>"; };
		1F2F02C9213BBDB000B32E46 /* OCRun.h */ = {isa = PBXFileReference; lastKnownFileType = sourcecode.c.h; path = OCRun.h; sourceTree = "<group>"; };
		1F2F02CA213BBDB000B32E46 /* OCRun.m */ = {isa = PBXFileReference; lastKnownFileType = sourcecode.c.objc; path = OCRun.m; sourceTree = "<group>"; };
		1F2F02CC2143B5CF00B32E46 /* Quiz5.c */ = {isa = PBXFileReference; lastKnownFileType = sourcecode.c.c; path = Quiz5.c; sourceTree = "<group>"; };
		1F2F02CE2143B65C00B32E46 /* Quiz6.c */ = {isa = PBXFileReference; lastKnownFileType = sourcecode.c.c; path = Quiz6.c; sourceTree = "<group>"; };
		1FA7E9FA2131792000163B81 /* LeetCodePractice */ = {isa = PBXFileReference; explicitFileType = "compiled.mach-o.executable"; includeInIndex = 0; path = LeetCodePractice; sourceTree = BUILT_PRODUCTS_DIR; };
		1FA7E9FD2131792100163B81 /* main.swift */ = {isa = PBXFileReference; lastKnownFileType = sourcecode.swift; path = main.swift; sourceTree = "<group>"; };
		1FA7EA042131793100163B81 /* day1.swift */ = {isa = PBXFileReference; lastKnownFileType = sourcecode.swift; path = day1.swift; sourceTree = "<group>"; };
/* End PBXFileReference section */

/* Begin PBXFrameworksBuildPhase section */
		1FA7E9F72131792000163B81 /* Frameworks */ = {
			isa = PBXFrameworksBuildPhase;
			buildActionMask = 2147483647;
			files = (
			);
			runOnlyForDeploymentPostprocessing = 0;
		};
/* End PBXFrameworksBuildPhase section */

/* Begin PBXGroup section */
		1FA7E9F12131792000163B81 = {
			isa = PBXGroup;
			children = (
				1FA7E9FC2131792000163B81 /* LeetCodePractice */,
				1FA7E9FB2131792000163B81 /* Products */,
			);
			sourceTree = "<group>";
		};
		1FA7E9FB2131792000163B81 /* Products */ = {
			isa = PBXGroup;
			children = (
				1FA7E9FA2131792000163B81 /* LeetCodePractice */,
			);
			name = Products;
			sourceTree = "<group>";
		};
		1FA7E9FC2131792000163B81 /* LeetCodePractice */ = {
			isa = PBXGroup;
			children = (
				1FA7E9FD2131792100163B81 /* main.swift */,
				1F2F02C9213BBDB000B32E46 /* OCRun.h */,
				1F2F02CA213BBDB000B32E46 /* OCRun.m */,
				1FA7EA042131793100163B81 /* day1.swift */,
				1F2F02B421325F9D00B32E46 /* day2.swift */,
				1F2F02BC2132643900B32E46 /* day2.c */,
				1F2F02C02132709200B32E46 /* Day3.h */,
				1F2F02C421327B8F00B32E46 /* Day3.m */,
				1F2F02C6213BBCFB00B32E46 /* Quiz4.h */,
				1F2F02C7213BBCFB00B32E46 /* Quiz4.m */,
				1F2F02CC2143B5CF00B32E46 /* Quiz5.c */,
				1F2F02CE2143B65C00B32E46 /* Quiz6.c */,
				1F2F02C3213270CB00B32E46 /* Bridge.h */,
			);
			path = LeetCodePractice;
			sourceTree = "<group>";
		};
/* End PBXGroup section */

/* Begin PBXNativeTarget section */
		1FA7E9F92131792000163B81 /* LeetCodePractice */ = {
			isa = PBXNativeTarget;
			buildConfigurationList = 1FA7EA012131792100163B81 /* Build configuration list for PBXNativeTarget "LeetCodePractice" */;
			buildPhases = (
				1FA7E9F62131792000163B81 /* Sources */,
				1FA7E9F72131792000163B81 /* Frameworks */,
				1FA7E9F82131792000163B81 /* CopyFiles */,
			);
			buildRules = (
			);
			dependencies = (
			);
			name = LeetCodePractice;
			productName = LeetCodePractice;
			productReference = 1FA7E9FA2131792000163B81 /* LeetCodePractice */;
			productType = "com.apple.product-type.tool";
		};
/* End PBXNativeTarget section */

/* Begin PBXProject section */
		1FA7E9F22131792000163B81 /* Project object */ = {
			isa = PBXProject;
			attributes = {
				LastSwiftUpdateCheck = 0940;
				LastUpgradeCheck = 0940;
				ORGANIZATIONNAME = White;
				TargetAttributes = {
					1FA7E9F92131792000163B81 = {
						CreatedOnToolsVersion = 9.4.1;
						LastSwiftMigration = 0940;
					};
				};
			};
			buildConfigurationList = 1FA7E9F52131792000163B81 /* Build configuration list for PBXProject "LeetCodePractice" */;
			compatibilityVersion = "Xcode 9.3";
			developmentRegion = en;
			hasScannedForEncodings = 0;
			knownRegions = (
				en,
			);
			mainGroup = 1FA7E9F12131792000163B81;
			productRefGroup = 1FA7E9FB2131792000163B81 /* Products */;
			projectDirPath = "";
			projectRoot = "";
			targets = (
				1FA7E9F92131792000163B81 /* LeetCodePractice */,
			);
		};
/* End PBXProject section */

/* Begin PBXSourcesBuildPhase section */
		1FA7E9F62131792000163B81 /* Sources */ = {
			isa = PBXSourcesBuildPhase;
			buildActionMask = 2147483647;
			files = (
				1F2F02CF2143B65C00B32E46 /* Quiz6.c in Sources */,
				1F2F02CB213BBDB000B32E46 /* OCRun.m in Sources */,
				1F2F02C521327B8F00B32E46 /* Day3.m in Sources */,
				1FA7EA052131793100163B81 /* day1.swift in Sources */,
				1F2F02B521325F9D00B32E46 /* day2.swift in Sources */,
				1F2F02C8213BBCFB00B32E46 /* Quiz4.m in Sources */,
				1FA7E9FE2131792100163B81 /* main.swift in Sources */,
				1F2F02CD2143B5CF00B32E46 /* Quiz5.c in Sources */,
				1F2F02BD2132643900B32E46 /* day2.c in Sources */,
			);
			runOnlyForDeploymentPostprocessing = 0;
		};
/* End PBXSourcesBuildPhase section */

/* Begin XCBuildConfiguration section */
		1FA7E9FF2131792100163B81 /* Debug */ = {
			isa = XCBuildConfiguration;
			buildSettings = {
				ALWAYS_SEARCH_USER_PATHS = NO;
				CLANG_ANALYZER_NONNULL = YES;
				CLANG_ANALYZER_NUMBER_OBJECT_CONVERSION = YES_AGGRESSIVE;
				CLANG_CXX_LANGUAGE_STANDARD = "gnu++14";
				CLANG_CXX_LIBRARY = "libc++";
				CLANG_ENABLE_MODULES = YES;
				CLANG_ENABLE_OBJC_ARC = YES;
				CLANG_ENABLE_OBJC_WEAK = YES;
				CLANG_WARN_BLOCK_CAPTURE_AUTORELEASING = YES;
				CLANG_WARN_BOOL_CONVERSION = YES;
				CLANG_WARN_COMMA = YES;
				CLANG_WARN_CONSTANT_CONVERSION = YES;
				CLANG_WARN_DEPRECATED_OBJC_IMPLEMENTATIONS = YES;
				CLANG_WARN_DIRECT_OBJC_ISA_USAGE = YES_ERROR;
				CLANG_WARN_DOCUMENTATION_COMMENTS = YES;
				CLANG_WARN_EMPTY_BODY = YES;
				CLANG_WARN_ENUM_CONVERSION = YES;
				CLANG_WARN_INFINITE_RECURSION = YES;
				CLANG_WARN_INT_CONVERSION = YES;
				CLANG_WARN_NON_LITERAL_NULL_CONVERSION = YES;
				CLANG_WARN_OBJC_IMPLICIT_RETAIN_SELF = YES;
				CLANG_WARN_OBJC_LITERAL_CONVERSION = YES;
				CLANG_WARN_OBJC_ROOT_CLASS = YES_ERROR;
				CLANG_WARN_RANGE_LOOP_ANALYSIS = YES;
				CLANG_WARN_STRICT_PROTOTYPES = YES;
				CLANG_WARN_SUSPICIOUS_MOVE = YES;
				CLANG_WARN_UNGUARDED_AVAILABILITY = YES_AGGRESSIVE;
				CLANG_WARN_UNREACHABLE_CODE = YES;
				CLANG_WARN__DUPLICATE_METHOD_MATCH = YES;
				CODE_SIGN_IDENTITY = "-";
				COPY_PHASE_STRIP = NO;
				DEBUG_INFORMATION_FORMAT = dwarf;
				ENABLE_STRICT_OBJC_MSGSEND = YES;
				ENABLE_TESTABILITY = YES;
				GCC_C_LANGUAGE_STANDARD = gnu11;
				GCC_DYNAMIC_NO_PIC = NO;
				GCC_NO_COMMON_BLOCKS = YES;
				GCC_OPTIMIZATION_LEVEL = 0;
				GCC_PREPROCESSOR_DEFINITIONS = (
					"DEBUG=1",
					"$(inherited)",
				);
				GCC_WARN_64_TO_32_BIT_CONVERSION = YES;
				GCC_WARN_ABOUT_RETURN_TYPE = YES_ERROR;
				GCC_WARN_UNDECLARED_SELECTOR = YES;
				GCC_WARN_UNINITIALIZED_AUTOS = YES_AGGRESSIVE;
				GCC_WARN_UNUSED_FUNCTION = YES;
				GCC_WARN_UNUSED_VARIABLE = YES;
				MACOSX_DEPLOYMENT_TARGET = 10.13;
				MTL_ENABLE_DEBUG_INFO = YES;
				ONLY_ACTIVE_ARCH = YES;
				SDKROOT = macosx;
				SWIFT_ACTIVE_COMPILATION_CONDITIONS = DEBUG;
				SWIFT_OPTIMIZATION_LEVEL = "-Onone";
			};
			name = Debug;
		};
		1FA7EA002131792100163B81 /* Release */ = {
			isa = XCBuildConfiguration;
			buildSettings = {
				ALWAYS_SEARCH_USER_PATHS = NO;
				CLANG_ANALYZER_NONNULL = YES;
				CLANG_ANALYZER_NUMBER_OBJECT_CONVERSION = YES_AGGRESSIVE;
				CLANG_CXX_LANGUAGE_STANDARD = "gnu++14";
				CLANG_CXX_LIBRARY = "libc++";
				CLANG_ENABLE_MODULES = YES;
				CLANG_ENABLE_OBJC_ARC = YES;
				CLANG_ENABLE_OBJC_WEAK = YES;
				CLANG_WARN_BLOCK_CAPTURE_AUTORELEASING = YES;
				CLANG_WARN_BOOL_CONVERSION = YES;
				CLANG_WARN_COMMA = YES;
				CLANG_WARN_CONSTANT_CONVERSION = YES;
				CLANG_WARN_DEPRECATED_OBJC_IMPLEMENTATIONS = YES;
				CLANG_WARN_DIRECT_OBJC_ISA_USAGE = YES_ERROR;
				CLANG_WARN_DOCUMENTATION_COMMENTS = YES;
				CLANG_WARN_EMPTY_BODY = YES;
				CLANG_WARN_ENUM_CONVERSION = YES;
				CLANG_WARN_INFINITE_RECURSION = YES;
				CLANG_WARN_INT_CONVERSION = YES;
				CLANG_WARN_NON_LITERAL_NULL_CONVERSION = YES;
				CLANG_WARN_OBJC_IMPLICIT_RETAIN_SELF = YES;
				CLANG_WARN_OBJC_LITERAL_CONVERSION = YES;
				CLANG_WARN_OBJC_ROOT_CLASS = YES_ERROR;
				CLANG_WARN_RANGE_LOOP_ANALYSIS = YES;
				CLANG_WARN_STRICT_PROTOTYPES = YES;
				CLANG_WARN_SUSPICIOUS_MOVE = YES;
				CLANG_WARN_UNGUARDED_AVAILABILITY = YES_AGGRESSIVE;
				CLANG_WARN_UNREACHABLE_CODE = YES;
				CLANG_WARN__DUPLICATE_METHOD_MATCH = YES;
				CODE_SIGN_IDENTITY = "-";
				COPY_PHASE_STRIP = NO;
				DEBUG_INFORMATION_FORMAT = "dwarf-with-dsym";
				ENABLE_NS_ASSERTIONS = NO;
				ENABLE_STRICT_OBJC_MSGSEND = YES;
				GCC_C_LANGUAGE_STANDARD = gnu11;
				GCC_NO_COMMON_BLOCKS = YES;
				GCC_WARN_64_TO_32_BIT_CONVERSION = YES;
				GCC_WARN_ABOUT_RETURN_TYPE = YES_ERROR;
				GCC_WARN_UNDECLARED_SELECTOR = YES;
				GCC_WARN_UNINITIALIZED_AUTOS = YES_AGGRESSIVE;
				GCC_WARN_UNUSED_FUNCTION = YES;
				GCC_WARN_UNUSED_VARIABLE = YES;
				MACOSX_DEPLOYMENT_TARGET = 10.13;
				MTL_ENABLE_DEBUG_INFO = NO;
				SDKROOT = macosx;
				SWIFT_COMPILATION_MODE = wholemodule;
				SWIFT_OPTIMIZATION_LEVEL = "-O";
			};
			name = Release;
		};
		1FA7EA022131792100163B81 /* Debug */ = {
			isa = XCBuildConfiguration;
			buildSettings = {
				CLANG_ENABLE_MODULES = YES;
				CODE_SIGN_STYLE = Automatic;
				LD_RUNPATH_SEARCH_PATHS = (
					"$(inherited)",
					"@executable_path/../Frameworks",
					"@loader_path/../Frameworks",
				);
				PRODUCT_NAME = "$(TARGET_NAME)";
				SWIFT_OBJC_BRIDGING_HEADER = "$(SRCROOT)/LeetCodePractice/Bridge.h";
				SWIFT_OPTIMIZATION_LEVEL = "-Onone";
				SWIFT_VERSION = 4.0;
			};
			name = Debug;
		};
		1FA7EA032131792100163B81 /* Release */ = {
			isa = XCBuildConfiguration;
			buildSettings = {
				CLANG_ENABLE_MODULES = YES;
				CODE_SIGN_STYLE = Automatic;
				LD_RUNPATH_SEARCH_PATHS = (
					"$(inherited)",
					"@executable_path/../Frameworks",
					"@loader_path/../Frameworks",
				);
				PRODUCT_NAME = "$(TARGET_NAME)";
				SWIFT_OBJC_BRIDGING_HEADER = "$(SRCROOT)/LeetCodePractice/Bridge.h";
				SWIFT_VERSION = 4.0;
			};
			name = Release;
		};
/* End XCBuildConfiguration section */

/* Begin XCConfigurationList section */
		1FA7E9F52131792000163B81 /* Build configuration list for PBXProject "LeetCodePractice" */ = {
			isa = XCConfigurationList;
			buildConfigurations = (
				1FA7E9FF2131792100163B81 /* Debug */,
				1FA7EA002131792100163B81 /* Release */,
			);
			defaultConfigurationIsVisible = 0;
			defaultConfigurationName = Release;
		};
		1FA7EA012131792100163B81 /* Build configuration list for PBXNativeTarget "LeetCodePractice" */ = {
			isa = XCConfigurationList;
			buildConfigurations = (
				1FA7EA022131792100163B81 /* Debug */,
				1FA7EA032131792100163B81 /* Release */,
			);
			defaultConfigurationIsVisible = 0;
			defaultConfigurationName = Release;
		};
/* End XCConfigurationList section */
	};
	rootObject = 1FA7E9F22131792000163B81 /* Project object */;
}
